// !$*UTF8*$!
{
	archiveVersion = 1;
	classes = {
	};
	objectVersion = 56;
	objects = {

/* Begin PBXBuildFile section */
		B7E31EAD2BBA9D6C00345310 /* AppDelegate.swift in Sources */ = {isa = PBXBuildFile; fileRef = B7E31EAC2BBA9D6C00345310 /* AppDelegate.swift */; };
		B7E31EAF2BBA9D6C00345310 /* SceneDelegate.swift in Sources */ = {isa = PBXBuildFile; fileRef = B7E31EAE2BBA9D6C00345310 /* SceneDelegate.swift */; };
		B7E31EB12BBA9D6C00345310 /* ViewController.swift in Sources */ = {isa = PBXBuildFile; fileRef = B7E31EB02BBA9D6C00345310 /* ViewController.swift */; };
		B7E31EB42BBA9D6C00345310 /* Base in Resources */ = {isa = PBXBuildFile; fileRef = B7E31EB32BBA9D6C00345310 /* Base */; };
		B7E31EB62BBA9D6D00345310 /* Assets.xcassets in Resources */ = {isa = PBXBuildFile; fileRef = B7E31EB52BBA9D6D00345310 /* Assets.xcassets */; };
		B7E31EB92BBA9D6D00345310 /* Base in Resources */ = {isa = PBXBuildFile; fileRef = B7E31EB82BBA9D6D00345310 /* Base */; };
		B7E31EC42BBA9D6D00345310 /* HelloIOSTests.swift in Sources */ = {isa = PBXBuildFile; fileRef = B7E31EC32BBA9D6D00345310 /* HelloIOSTests.swift */; };
		B7E31ECE2BBA9D6D00345310 /* HelloIOSUITests.swift in Sources */ = {isa = PBXBuildFile; fileRef = B7E31ECD2BBA9D6D00345310 /* HelloIOSUITests.swift */; };
		B7E31ED02BBA9D6D00345310 /* HelloIOSUITestsLaunchTests.swift in Sources */ = {isa = PBXBuildFile; fileRef = B7E31ECF2BBA9D6D00345310 /* HelloIOSUITestsLaunchTests.swift */; };
/* End PBXBuildFile section */

/* Begin PBXContainerItemProxy section */
		B7E31EC02BBA9D6D00345310 /* PBXContainerItemProxy */ = {
			isa = PBXContainerItemProxy;
			containerPortal = B7E31EA12BBA9D6C00345310 /* Project object */;
			proxyType = 1;
			remoteGlobalIDString = B7E31EA82BBA9D6C00345310;
			remoteInfo = HelloIOS;
		};
		B7E31ECA2BBA9D6D00345310 /* PBXContainerItemProxy */ = {
			isa = PBXContainerItemProxy;
			containerPortal = B7E31EA12BBA9D6C00345310 /* Project object */;
			proxyType = 1;
			remoteGlobalIDString = B7E31EA82BBA9D6C00345310;
			remoteInfo = HelloIOS;
		};
/* End PBXContainerItemProxy section */

/* Begin PBXFileReference section */
		B7E31EA92BBA9D6C00345310 /* HelloIOS.app */ = {isa = PBXFileReference; explicitFileType = wrapper.application; includeInIndex = 0; path = HelloIOS.app; sourceTree = BUILT_PRODUCTS_DIR; };
		B7E31EAC2BBA9D6C00345310 /* AppDelegate.swift */ = {isa = PBXFileReference; lastKnownFileType = sourcecode.swift; path = AppDelegate.swift; sourceTree = "<group>"; };
		B7E31EAE2BBA9D6C00345310 /* SceneDelegate.swift */ = {isa = PBXFileReference; lastKnownFileType = sourcecode.swift; path = SceneDelegate.swift; sourceTree = "<group>"; };
		B7E31EB02BBA9D6C00345310 /* ViewController.swift */ = {isa = PBXFileReference; lastKnownFileType = sourcecode.swift; path = ViewController.swift; sourceTree = "<group>"; };
		B7E31EB32BBA9D6C00345310 /* Base */ = {isa = PBXFileReference; lastKnownFileType = file.storyboard; name = Base; path = Base.lproj/Main.storyboard; sourceTree = "<group>"; };
		B7E31EB52BBA9D6D00345310 /* Assets.xcassets */ = {isa = PBXFileReference; lastKnownFileType = folder.assetcatalog; path = Assets.xcassets; sourceTree = "<group>"; };
		B7E31EB82BBA9D6D00345310 /* Base */ = {isa = PBXFileReference; lastKnownFileType = file.storyboard; name = Base; path = Base.lproj/LaunchScreen.storyboard; sourceTree = "<group>"; };
		B7E31EBA2BBA9D6D00345310 /* Info.plist */ = {isa = PBXFileReference; lastKnownFileType = text.plist.xml; path = Info.plist; sourceTree = "<group>"; };
		B7E31EBF2BBA9D6D00345310 /* HelloIOSTests.xctest */ = {isa = PBXFileReference; explicitFileType = wrapper.cfbundle; includeInIndex = 0; path = HelloIOSTests.xctest; sourceTree = BUILT_PRODUCTS_DIR; };
		B7E31EC32BBA9D6D00345310 /* HelloIOSTests.swift */ = {isa = PBXFileReference; lastKnownFileType = sourcecode.swift; path = HelloIOSTests.swift; sourceTree = "<group>"; };
		B7E31EC92BBA9D6D00345310 /* HelloIOSUITests.xctest */ = {isa = PBXFileReference; explicitFileType = wrapper.cfbundle; includeInIndex = 0; path = HelloIOSUITests.xctest; sourceTree = BUILT_PRODUCTS_DIR; };
		B7E31ECD2BBA9D6D00345310 /* HelloIOSUITests.swift */ = {isa = PBXFileReference; lastKnownFileType = sourcecode.swift; path = HelloIOSUITests.swift; sourceTree = "<group>"; };
		B7E31ECF2BBA9D6D00345310 /* HelloIOSUITestsLaunchTests.swift */ = {isa = PBXFileReference; lastKnownFileType = sourcecode.swift; path = HelloIOSUITestsLaunchTests.swift; sourceTree = "<group>"; };
/* End PBXFileReference section */

/* Begin PBXFrameworksBuildPhase section */
		B7E31EA62BBA9D6C00345310 /* Frameworks */ = {
			isa = PBXFrameworksBuildPhase;
			buildActionMask = 2147483647;
			files = (
			);
			runOnlyForDeploymentPostprocessing = 0;
		};
		B7E31EBC2BBA9D6D00345310 /* Frameworks */ = {
			isa = PBXFrameworksBuildPhase;
			buildActionMask = 2147483647;
			files = (
			);
			runOnlyForDeploymentPostprocessing = 0;
		};
		B7E31EC62BBA9D6D00345310 /* Frameworks */ = {
			isa = PBXFrameworksBuildPhase;
			buildActionMask = 2147483647;
			files = (
			);
			runOnlyForDeploymentPostprocessing = 0;
		};
/* End PBXFrameworksBuildPhase section */

/* Begin PBXGroup section */
		B7E31EA02BBA9D6C00345310 = {
			isa = PBXGroup;
			children = (
				B7E31EAB2BBA9D6C00345310 /* HelloIOS */,
				B7E31EC22BBA9D6D00345310 /* HelloIOSTests */,
				B7E31ECC2BBA9D6D00345310 /* HelloIOSUITests */,
				B7E31EAA2BBA9D6C00345310 /* Products */,
			);
			sourceTree = "<group>";
		};
		B7E31EAA2BBA9D6C00345310 /* Products */ = {
			isa = PBXGroup;
			children = (
				B7E31EA92BBA9D6C00345310 /* HelloIOS.app */,
				B7E31EBF2BBA9D6D00345310 /* HelloIOSTests.xctest */,
				B7E31EC92BBA9D6D00345310 /* HelloIOSUITests.xctest */,
			);
			name = Products;
			sourceTree = "<group>";
		};
		B7E31EAB2BBA9D6C00345310 /* HelloIOS */ = {
			isa = PBXGroup;
			children = (
				B7E31EAC2BBA9D6C00345310 /* AppDelegate.swift */,
				B7E31EAE2BBA9D6C00345310 /* SceneDelegate.swift */,
				B7E31EB02BBA9D6C00345310 /* ViewController.swift */,
				B7E31EB22BBA9D6C00345310 /* Main.storyboard */,
				B7E31EB52BBA9D6D00345310 /* Assets.xcassets */,
				B7E31EB72BBA9D6D00345310 /* LaunchScreen.storyboard */,
				B7E31EBA2BBA9D6D00345310 /* Info.plist */,
			);
			path = HelloIOS;
			sourceTree = "<group>";
		};
		B7E31EC22BBA9D6D00345310 /* HelloIOSTests */ = {
			isa = PBXGroup;
			children = (
				B7E31EC32BBA9D6D00345310 /* HelloIOSTests.swift */,
			);
			path = HelloIOSTests;
			sourceTree = "<group>";
		};
		B7E31ECC2BBA9D6D00345310 /* HelloIOSUITests */ = {
			isa = PBXGroup;
			children = (
				B7E31ECD2BBA9D6D00345310 /* HelloIOSUITests.swift */,
				B7E31ECF2BBA9D6D00345310 /* HelloIOSUITestsLaunchTests.swift */,
			);
			path = HelloIOSUITests;
			sourceTree = "<group>";
		};
/* End PBXGroup section */

/* Begin PBXNativeTarget section */
		B7E31EA82BBA9D6C00345310 /* HelloIOS */ = {
			isa = PBXNativeTarget;
			buildConfigurationList = B7E31ED32BBA9D6D00345310 /* Build configuration list for PBXNativeTarget "HelloIOS" */;
			buildPhases = (
				B7E31EA52BBA9D6C00345310 /* Sources */,
				B7E31EA62BBA9D6C00345310 /* Frameworks */,
				B7E31EA72BBA9D6C00345310 /* Resources */,
			);
			buildRules = (
			);
			dependencies = (
			);
			name = HelloIOS;
			productName = HelloIOS;
			productReference = B7E31EA92BBA9D6C00345310 /* HelloIOS.app */;
			productType = "com.apple.product-type.application";
		};
		B7E31EBE2BBA9D6D00345310 /* HelloIOSTests */ = {
			isa = PBXNativeTarget;
			buildConfigurationList = B7E31ED62BBA9D6D00345310 /* Build configuration list for PBXNativeTarget "HelloIOSTests" */;
			buildPhases = (
				B7E31EBB2BBA9D6D00345310 /* Sources */,
				B7E31EBC2BBA9D6D00345310 /* Frameworks */,
				B7E31EBD2BBA9D6D00345310 /* Resources */,
			);
			buildRules = (
			);
			dependencies = (
				B7E31EC12BBA9D6D00345310 /* PBXTargetDependency */,
			);
			name = HelloIOSTests;
			productName = HelloIOSTests;
			productReference = B7E31EBF2BBA9D6D00345310 /* HelloIOSTests.xctest */;
			productType = "com.apple.product-type.bundle.unit-test";
		};
		B7E31EC82BBA9D6D00345310 /* HelloIOSUITests */ = {
			isa = PBXNativeTarget;
			buildConfigurationList = B7E31ED92BBA9D6D00345310 /* Build configuration list for PBXNativeTarget "HelloIOSUITests" */;
			buildPhases = (
				B7E31EC52BBA9D6D00345310 /* Sources */,
				B7E31EC62BBA9D6D00345310 /* Frameworks */,
				B7E31EC72BBA9D6D00345310 /* Resources */,
			);
			buildRules = (
			);
			dependencies = (
				B7E31ECB2BBA9D6D00345310 /* PBXTargetDependency */,
			);
			name = HelloIOSUITests;
			productName = HelloIOSUITests;
			productReference = B7E31EC92BBA9D6D00345310 /* HelloIOSUITests.xctest */;
			productType = "com.apple.product-type.bundle.ui-testing";
		};
/* End PBXNativeTarget section */

/* Begin PBXProject section */
		B7E31EA12BBA9D6C00345310 /* Project object */ = {
			isa = PBXProject;
			attributes = {
				BuildIndependentTargetsInParallel = 1;
				LastSwiftUpdateCheck = 1530;
				LastUpgradeCheck = 1530;
				TargetAttributes = {
					B7E31EA82BBA9D6C00345310 = {
						CreatedOnToolsVersion = 15.3;
					};
					B7E31EBE2BBA9D6D00345310 = {
						CreatedOnToolsVersion = 15.3;
						TestTargetID = B7E31EA82BBA9D6C00345310;
					};
					B7E31EC82BBA9D6D00345310 = {
						CreatedOnToolsVersion = 15.3;
						TestTargetID = B7E31EA82BBA9D6C00345310;
					};
				};
			};
			buildConfigurationList = B7E31EA42BBA9D6C00345310 /* Build configuration list for PBXProject "HelloIOS" */;
			compatibilityVersion = "Xcode 14.0";
			developmentRegion = en;
			hasScannedForEncodings = 0;
			knownRegions = (
				en,
				Base,
			);
			mainGroup = B7E31EA02BBA9D6C00345310;
			productRefGroup = B7E31EAA2BBA9D6C00345310 /* Products */;
			projectDirPath = "";
			projectRoot = "";
			targets = (
				B7E31EA82BBA9D6C00345310 /* HelloIOS */,
				B7E31EBE2BBA9D6D00345310 /* HelloIOSTests */,
				B7E31EC82BBA9D6D00345310 /* HelloIOSUITests */,
			);
		};
/* End PBXProject section */

/* Begin PBXResourcesBuildPhase section */
		B7E31EA72BBA9D6C00345310 /* Resources */ = {
			isa = PBXResourcesBuildPhase;
			buildActionMask = 2147483647;
			files = (
				B7E31EB62BBA9D6D00345310 /* Assets.xcassets in Resources */,
				B7E31EB92BBA9D6D00345310 /* Base in Resources */,
				B7E31EB42BBA9D6C00345310 /* Base in Resources */,
			);
			runOnlyForDeploymentPostprocessing = 0;
		};
		B7E31EBD2BBA9D6D00345310 /* Resources */ = {
			isa = PBXResourcesBuildPhase;
			buildActionMask = 2147483647;
			files = (
			);
			runOnlyForDeploymentPostprocessing = 0;
		};
		B7E31EC72BBA9D6D00345310 /* Resources */ = {
			isa = PBXResourcesBuildPhase;
			buildActionMask = 2147483647;
			files = (
			);
			runOnlyForDeploymentPostprocessing = 0;
		};
/* End PBXResourcesBuildPhase section */

/* Begin PBXSourcesBuildPhase section */
		B7E31EA52BBA9D6C00345310 /* Sources */ = {
			isa = PBXSourcesBuildPhase;
			buildActionMask = 2147483647;
			files = (
				B7E31EB12BBA9D6C00345310 /* ViewController.swift in Sources */,
				B7E31EAD2BBA9D6C00345310 /* AppDelegate.swift in Sources */,
				B7E31EAF2BBA9D6C00345310 /* SceneDelegate.swift in Sources */,
			);
			runOnlyForDeploymentPostprocessing = 0;
		};
		B7E31EBB2BBA9D6D00345310 /* Sources */ = {
			isa = PBXSourcesBuildPhase;
			buildActionMask = 2147483647;
			files = (
				B7E31EC42BBA9D6D00345310 /* HelloIOSTests.swift in Sources */,
			);
			runOnlyForDeploymentPostprocessing = 0;
		};
		B7E31EC52BBA9D6D00345310 /* Sources */ = {
			isa = PBXSourcesBuildPhase;
			buildActionMask = 2147483647;
			files = (
				B7E31ED02BBA9D6D00345310 /* HelloIOSUITestsLaunchTests.swift in Sources */,
				B7E31ECE2BBA9D6D00345310 /* HelloIOSUITests.swift in Sources */,
			);
			runOnlyForDeploymentPostprocessing = 0;
		};
/* End PBXSourcesBuildPhase section */

/* Begin PBXTargetDependency section */
		B7E31EC12BBA9D6D00345310 /* PBXTargetDependency */ = {
			isa = PBXTargetDependency;
			target = B7E31EA82BBA9D6C00345310 /* HelloIOS */;
			targetProxy = B7E31EC02BBA9D6D00345310 /* PBXContainerItemProxy */;
		};
		B7E31ECB2BBA9D6D00345310 /* PBXTargetDependency */ = {
			isa = PBXTargetDependency;
			target = B7E31EA82BBA9D6C00345310 /* HelloIOS */;
			targetProxy = B7E31ECA2BBA9D6D00345310 /* PBXContainerItemProxy */;
		};
/* End PBXTargetDependency section */

/* Begin PBXVariantGroup section */
		B7E31EB22BBA9D6C00345310 /* Main.storyboard */ = {
			isa = PBXVariantGroup;
			children = (
				B7E31EB32BBA9D6C00345310 /* Base */,
			);
			name = Main.storyboard;
			sourceTree = "<group>";
		};
		B7E31EB72BBA9D6D00345310 /* LaunchScreen.storyboard */ = {
			isa = PBXVariantGroup;
			children = (
				B7E31EB82BBA9D6D00345310 /* Base */,
			);
			name = LaunchScreen.storyboard;
			sourceTree = "<group>";
		};
/* End PBXVariantGroup section */

/* Begin XCBuildConfiguration section */
		B7E31ED12BBA9D6D00345310 /* Debug */ = {
			isa = XCBuildConfiguration;
			buildSettings = {
				ALWAYS_SEARCH_USER_PATHS = NO;
				ASSETCATALOG_COMPILER_GENERATE_SWIFT_ASSET_SYMBOL_EXTENSIONS = YES;
				CLANG_ANALYZER_NONNULL = YES;
				CLANG_ANALYZER_NUMBER_OBJECT_CONVERSION = YES_AGGRESSIVE;
				CLANG_CXX_LANGUAGE_STANDARD = "gnu++20";
				CLANG_ENABLE_MODULES = YES;
				CLANG_ENABLE_OBJC_ARC = YES;
				CLANG_ENABLE_OBJC_WEAK = YES;
				CLANG_WARN_BLOCK_CAPTURE_AUTORELEASING = YES;
				CLANG_WARN_BOOL_CONVERSION = YES;
				CLANG_WARN_COMMA = YES;
				CLANG_WARN_CONSTANT_CONVERSION = YES;
				CLANG_WARN_DEPRECATED_OBJC_IMPLEMENTATIONS = YES;
				CLANG_WARN_DIRECT_OBJC_ISA_USAGE = YES_ERROR;
				CLANG_WARN_DOCUMENTATION_COMMENTS = YES;
				CLANG_WARN_EMPTY_BODY = YES;
				CLANG_WARN_ENUM_CONVERSION = YES;
				CLANG_WARN_INFINITE_RECURSION = YES;
				CLANG_WARN_INT_CONVERSION = YES;
				CLANG_WARN_NON_LITERAL_NULL_CONVERSION = YES;
				CLANG_WARN_OBJC_IMPLICIT_RETAIN_SELF = YES;
				CLANG_WARN_OBJC_LITERAL_CONVERSION = YES;
				CLANG_WARN_OBJC_ROOT_CLASS = YES_ERROR;
				CLANG_WARN_QUOTED_INCLUDE_IN_FRAMEWORK_HEADER = YES;
				CLANG_WARN_RANGE_LOOP_ANALYSIS = YES;
				CLANG_WARN_STRICT_PROTOTYPES = YES;
				CLANG_WARN_SUSPICIOUS_MOVE = YES;
				CLANG_WARN_UNGUARDED_AVAILABILITY = YES_AGGRESSIVE;
				CLANG_WARN_UNREACHABLE_CODE = YES;
				CLANG_WARN__DUPLICATE_METHOD_MATCH = YES;
				COPY_PHASE_STRIP = NO;
				DEBUG_INFORMATION_FORMAT = dwarf;
				ENABLE_STRICT_OBJC_MSGSEND = YES;
				ENABLE_TESTABILITY = YES;
				ENABLE_USER_SCRIPT_SANDBOXING = YES;
				GCC_C_LANGUAGE_STANDARD = gnu17;
				GCC_DYNAMIC_NO_PIC = NO;
				GCC_NO_COMMON_BLOCKS = YES;
				GCC_OPTIMIZATION_LEVEL = 0;
				GCC_PREPROCESSOR_DEFINITIONS = (
					"DEBUG=1",
					"$(inherited)",
				);
				GCC_WARN_64_TO_32_BIT_CONVERSION = YES;
				GCC_WARN_ABOUT_RETURN_TYPE = YES_ERROR;
				GCC_WARN_UNDECLARED_SELECTOR = YES;
				GCC_WARN_UNINITIALIZED_AUTOS = YES_AGGRESSIVE;
				GCC_WARN_UNUSED_FUNCTION = YES;
				GCC_WARN_UNUSED_VARIABLE = YES;
				IPHONEOS_DEPLOYMENT_TARGET = 17.4;
				LOCALIZATION_PREFERS_STRING_CATALOGS = YES;
				MTL_ENABLE_DEBUG_INFO = INCLUDE_SOURCE;
				MTL_FAST_MATH = YES;
				ONLY_ACTIVE_ARCH = YES;
				SDKROOT = iphoneos;
				SWIFT_ACTIVE_COMPILATION_CONDITIONS = "DEBUG $(inherited)";
				SWIFT_OPTIMIZATION_LEVEL = "-Onone";
			};
			name = Debug;
		};
		B7E31ED22BBA9D6D00345310 /* Release */ = {
			isa = XCBuildConfiguration;
			buildSettings = {
				ALWAYS_SEARCH_USER_PATHS = NO;
				ASSETCATALOG_COMPILER_GENERATE_SWIFT_ASSET_SYMBOL_EXTENSIONS = YES;
				CLANG_ANALYZER_NONNULL = YES;
				CLANG_ANALYZER_NUMBER_OBJECT_CONVERSION = YES_AGGRESSIVE;
				CLANG_CXX_LANGUAGE_STANDARD = "gnu++20";
				CLANG_ENABLE_MODULES = YES;
				CLANG_ENABLE_OBJC_ARC = YES;
				CLANG_ENABLE_OBJC_WEAK = YES;
				CLANG_WARN_BLOCK_CAPTURE_AUTORELEASING = YES;
				CLANG_WARN_BOOL_CONVERSION = YES;
				CLANG_WARN_COMMA = YES;
				CLANG_WARN_CONSTANT_CONVERSION = YES;
				CLANG_WARN_DEPRECATED_OBJC_IMPLEMENTATIONS = YES;
				CLANG_WARN_DIRECT_OBJC_ISA_USAGE = YES_ERROR;
				CLANG_WARN_DOCUMENTATION_COMMENTS = YES;
				CLANG_WARN_EMPTY_BODY = YES;
				CLANG_WARN_ENUM_CONVERSION = YES;
				CLANG_WARN_INFINITE_RECURSION = YES;
				CLANG_WARN_INT_CONVERSION = YES;
				CLANG_WARN_NON_LITERAL_NULL_CONVERSION = YES;
				CLANG_WARN_OBJC_IMPLICIT_RETAIN_SELF = YES;
				CLANG_WARN_OBJC_LITERAL_CONVERSION = YES;
				CLANG_WARN_OBJC_ROOT_CLASS = YES_ERROR;
				CLANG_WARN_QUOTED_INCLUDE_IN_FRAMEWORK_HEADER = YES;
				CLANG_WARN_RANGE_LOOP_ANALYSIS = YES;
				CLANG_WARN_STRICT_PROTOTYPES = YES;
				CLANG_WARN_SUSPICIOUS_MOVE = YES;
				CLANG_WARN_UNGUARDED_AVAILABILITY = YES_AGGRESSIVE;
				CLANG_WARN_UNREACHABLE_CODE = YES;
				CLANG_WARN__DUPLICATE_METHOD_MATCH = YES;
				COPY_PHASE_STRIP = NO;
				DEBUG_INFORMATION_FORMAT = "dwarf-with-dsym";
				ENABLE_NS_ASSERTIONS = NO;
				ENABLE_STRICT_OBJC_MSGSEND = YES;
				ENABLE_USER_SCRIPT_SANDBOXING = YES;
				GCC_C_LANGUAGE_STANDARD = gnu17;
				GCC_NO_COMMON_BLOCKS = YES;
				GCC_WARN_64_TO_32_BIT_CONVERSION = YES;
				GCC_WARN_ABOUT_RETURN_TYPE = YES_ERROR;
				GCC_WARN_UNDECLARED_SELECTOR = YES;
				GCC_WARN_UNINITIALIZED_AUTOS = YES_AGGRESSIVE;
				GCC_WARN_UNUSED_FUNCTION = YES;
				GCC_WARN_UNUSED_VARIABLE = YES;
				IPHONEOS_DEPLOYMENT_TARGET = 17.4;
				LOCALIZATION_PREFERS_STRING_CATALOGS = YES;
				MTL_ENABLE_DEBUG_INFO = NO;
				MTL_FAST_MATH = YES;
				SDKROOT = iphoneos;
				SWIFT_COMPILATION_MODE = wholemodule;
				VALIDATE_PRODUCT = YES;
			};
			name = Release;
		};
		B7E31ED42BBA9D6D00345310 /* Debug */ = {
			isa = XCBuildConfiguration;
			buildSettings = {
				ASSETCATALOG_COMPILER_APPICON_NAME = AppIcon;
				ASSETCATALOG_COMPILER_GLOBAL_ACCENT_COLOR_NAME = AccentColor;
				CODE_SIGN_STYLE = Automatic;
				CURRENT_PROJECT_VERSION = 1;
				DEVELOPMENT_TEAM = 89H77Z6NRT;
				GENERATE_INFOPLIST_FILE = YES;
				INFOPLIST_FILE = HelloIOS/Info.plist;
				INFOPLIST_KEY_CFBundleDisplayName = Hello;
				INFOPLIST_KEY_UIApplicationSupportsIndirectInputEvents = YES;
				INFOPLIST_KEY_UILaunchStoryboardName = LaunchScreen;
				INFOPLIST_KEY_UIMainStoryboardFile = Main;
				INFOPLIST_KEY_UISupportedInterfaceOrientations_iPad = "UIInterfaceOrientationPortrait UIInterfaceOrientationPortraitUpsideDown UIInterfaceOrientationLandscapeLeft UIInterfaceOrientationLandscapeRight";
				INFOPLIST_KEY_UISupportedInterfaceOrientations_iPhone = "UIInterfaceOrientationPortrait UIInterfaceOrientationLandscapeLeft UIInterfaceOrientationLandscapeRight";
				LD_RUNPATH_SEARCH_PATHS = (
					"$(inherited)",
					"@executable_path/Frameworks",
				);
				MARKETING_VERSION = 1.0;
				PRODUCT_BUNDLE_IDENTIFIER = edu.uw.ischool.hoangn4.HelloIOS;
				PRODUCT_NAME = "$(TARGET_NAME)";
				SWIFT_EMIT_LOC_STRINGS = YES;
				SWIFT_VERSION = 5.0;
				TARGETED_DEVICE_FAMILY = "1,2";
			};
			name = Debug;
		};
		B7E31ED52BBA9D6D00345310 /* Release */ = {
			isa = XCBuildConfiguration;
			buildSettings = {
				ASSETCATALOG_COMPILER_APPICON_NAME = AppIcon;
				ASSETCATALOG_COMPILER_GLOBAL_ACCENT_COLOR_NAME = AccentColor;
				CODE_SIGN_STYLE = Automatic;
				CURRENT_PROJECT_VERSION = 1;
				DEVELOPMENT_TEAM = 89H77Z6NRT;
				GENERATE_INFOPLIST_FILE = YES;
				INFOPLIST_FILE = HelloIOS/Info.plist;
				INFOPLIST_KEY_CFBundleDisplayName = Hello;
				INFOPLIST_KEY_UIApplicationSupportsIndirectInputEvents = YES;
				INFOPLIST_KEY_UILaunchStoryboardName = LaunchScreen;
				INFOPLIST_KEY_UIMainStoryboardFile = Main;
				INFOPLIST_KEY_UISupportedInterfaceOrientations_iPad = "UIInterfaceOrientationPortrait UIInterfaceOrientationPortraitUpsideDown UIInterfaceOrientationLandscapeLeft UIInterfaceOrientationLandscapeRight";
				INFOPLIST_KEY_UISupportedInterfaceOrientations_iPhone = "UIInterfaceOrientationPortrait UIInterfaceOrientationLandscapeLeft UIInterfaceOrientationLandscapeRight";
				LD_RUNPATH_SEARCH_PATHS = (
					"$(inherited)",
					"@executable_path/Frameworks",
				);
				MARKETING_VERSION = 1.0;
				PRODUCT_BUNDLE_IDENTIFIER = edu.uw.ischool.hoangn4.HelloIOS;
				PRODUCT_NAME = "$(TARGET_NAME)";
				SWIFT_EMIT_LOC_STRINGS = YES;
				SWIFT_VERSION = 5.0;
				TARGETED_DEVICE_FAMILY = "1,2";
			};
			name = Release;
		};
		B7E31ED72BBA9D6D00345310 /* Debug */ = {
			isa = XCBuildConfiguration;
			buildSettings = {
				ALWAYS_EMBED_SWIFT_STANDARD_LIBRARIES = YES;
				BUNDLE_LOADER = "$(TEST_HOST)";
				CODE_SIGN_STYLE = Automatic;
				CURRENT_PROJECT_VERSION = 1;
				DEVELOPMENT_TEAM = 89H77Z6NRT;
				GENERATE_INFOPLIST_FILE = YES;
				IPHONEOS_DEPLOYMENT_TARGET = 17.4;
				MARKETING_VERSION = 1.0;
				PRODUCT_BUNDLE_IDENTIFIER = edu.uw.ischool.hoangn4.HelloIOSTests;
				PRODUCT_NAME = "$(TARGET_NAME)";
				SWIFT_EMIT_LOC_STRINGS = NO;
				SWIFT_VERSION = 5.0;
				TARGETED_DEVICE_FAMILY = "1,2";
				TEST_HOST = "$(BUILT_PRODUCTS_DIR)/HelloIOS.app/$(BUNDLE_EXECUTABLE_FOLDER_PATH)/HelloIOS";
			};
			name = Debug;
		};
		B7E31ED82BBA9D6D00345310 /* Release */ = {
			isa = XCBuildConfiguration;
			buildSettings = {
				ALWAYS_EMBED_SWIFT_STANDARD_LIBRARIES = YES;
				BUNDLE_LOADER = "$(TEST_HOST)";
				CODE_SIGN_STYLE = Automatic;
				CURRENT_PROJECT_VERSION = 1;
				DEVELOPMENT_TEAM = 89H77Z6NRT;
				GENERATE_INFOPLIST_FILE = YES;
				IPHONEOS_DEPLOYMENT_TARGET = 17.4;
				MARKETING_VERSION = 1.0;
				PRODUCT_BUNDLE_IDENTIFIER = edu.uw.ischool.hoangn4.HelloIOSTests;
				PRODUCT_NAME = "$(TARGET_NAME)";
				SWIFT_EMIT_LOC_STRINGS = NO;
				SWIFT_VERSION = 5.0;
				TARGETED_DEVICE_FAMILY = "1,2";
				TEST_HOST = "$(BUILT_PRODUCTS_DIR)/HelloIOS.app/$(BUNDLE_EXECUTABLE_FOLDER_PATH)/HelloIOS";
			};
			name = Release;
		};
		B7E31EDA2BBA9D6D00345310 /* Debug */ = {
			isa = XCBuildConfiguration;
			buildSettings = {
				ALWAYS_EMBED_SWIFT_STANDARD_LIBRARIES = YES;
				CODE_SIGN_STYLE = Automatic;
				CURRENT_PROJECT_VERSION = 1;
				DEVELOPMENT_TEAM = 89H77Z6NRT;
				GENERATE_INFOPLIST_FILE = YES;
				MARKETING_VERSION = 1.0;
				PRODUCT_BUNDLE_IDENTIFIER = edu.uw.ischool.hoangn4.HelloIOSUITests;
				PRODUCT_NAME = "$(TARGET_NAME)";
				SWIFT_EMIT_LOC_STRINGS = NO;
				SWIFT_VERSION = 5.0;
				TARGETED_DEVICE_FAMILY = "1,2";
				TEST_TARGET_NAME = HelloIOS;
			};
			name = Debug;
		};
		B7E31EDB2BBA9D6D00345310 /* Release */ = {
			isa = XCBuildConfiguration;
			buildSettings = {
				ALWAYS_EMBED_SWIFT_STANDARD_LIBRARIES = YES;
				CODE_SIGN_STYLE = Automatic;
				CURRENT_PROJECT_VERSION = 1;
				DEVELOPMENT_TEAM = 89H77Z6NRT;
				GENERATE_INFOPLIST_FILE = YES;
				MARKETING_VERSION = 1.0;
				PRODUCT_BUNDLE_IDENTIFIER = edu.uw.ischool.hoangn4.HelloIOSUITests;
				PRODUCT_NAME = "$(TARGET_NAME)";
				SWIFT_EMIT_LOC_STRINGS = NO;
				SWIFT_VERSION = 5.0;
				TARGETED_DEVICE_FAMILY = "1,2";
				TEST_TARGET_NAME = HelloIOS;
			};
			name = Release;
		};
/* End XCBuildConfiguration section */

/* Begin XCConfigurationList section */
		B7E31EA42BBA9D6C00345310 /* Build configuration list for PBXProject "HelloIOS" */ = {
			isa = XCConfigurationList;
			buildConfigurations = (
				B7E31ED12BBA9D6D00345310 /* Debug */,
				B7E31ED22BBA9D6D00345310 /* Release */,
			);
			defaultConfigurationIsVisible = 0;
			defaultConfigurationName = Release;
		};
		B7E31ED32BBA9D6D00345310 /* Build configuration list for PBXNativeTarget "HelloIOS" */ = {
			isa = XCConfigurationList;
			buildConfigurations = (
				B7E31ED42BBA9D6D00345310 /* Debug */,
				B7E31ED52BBA9D6D00345310 /* Release */,
			);
			defaultConfigurationIsVisible = 0;
			defaultConfigurationName = Release;
		};
		B7E31ED62BBA9D6D00345310 /* Build configuration list for PBXNativeTarget "HelloIOSTests" */ = {
			isa = XCConfigurationList;
			buildConfigurations = (
				B7E31ED72BBA9D6D00345310 /* Debug */,
				B7E31ED82BBA9D6D00345310 /* Release */,
			);
			defaultConfigurationIsVisible = 0;
			defaultConfigurationName = Release;
		};
		B7E31ED92BBA9D6D00345310 /* Build configuration list for PBXNativeTarget "HelloIOSUITests" */ = {
			isa = XCConfigurationList;
			buildConfigurations = (
				B7E31EDA2BBA9D6D00345310 /* Debug */,
				B7E31EDB2BBA9D6D00345310 /* Release */,
			);
			defaultConfigurationIsVisible = 0;
			defaultConfigurationName = Release;
		};
/* End XCConfigurationList section */
	};
	rootObject = B7E31EA12BBA9D6C00345310 /* Project object */;
}
